
Microsoft Visual Studio Solution File, Format Version 12.00
# Visual Studio Version 16
VisualStudioVersion = 16.0.30907.101
MinimumVisualStudioVersion = 10.0.40219.1
Project("{FAE04EC0-301F-11D3-BF4B-00C04F79EFBC}") = "DataAccess", "DataAccess\DataAccess.csproj", "{DDFEC69D-8186-4EBE-A276-CB66E550CD7E}"
EndProject
Project("{FAE04EC0-301F-11D3-BF4B-00C04F79EFBC}") = "Business", "Business\Business.csproj", "{D6E86E02-3E72-4B56-9963-9A701215A383}"
EndProject
Project("{FAE04EC0-301F-11D3-BF4B-00C04F79EFBC}") = "Entities", "Entities\Entities.csproj", "{FC23A24C-69A9-4825-923E-605D665C9F7B}"
EndProject
Project("{FAE04EC0-301F-11D3-BF4B-00C04F79EFBC}") = "ConsoleUI", "ConsoleUI\ConsoleUI.csproj", "{69FBC413-8931-4283-9420-954A6B7B1140}"
EndProject
Global
	GlobalSection(SolutionConfigurationPlatforms) = preSolution
		Debug|Any CPU = Debug|Any CPU
		Release|Any CPU = Release|Any CPU
	EndGlobalSection
	GlobalSection(ProjectConfigurationPlatforms) = postSolution
		{DDFEC69D-8186-4EBE-A276-CB66E550CD7E}.Debug|Any CPU.ActiveCfg = Debug|Any CPU
		{DDFEC69D-8186-4EBE-A276-CB66E550CD7E}.Debug|Any CPU.Build.0 = Debug|Any CPU
		{DDFEC69D-8186-4EBE-A276-CB66E550CD7E}.Release|Any CPU.ActiveCfg = Release|Any CPU
		{DDFEC69D-8186-4EBE-A276-CB66E550CD7E}.Release|Any CPU.Build.0 = Release|Any CPU
		{D6E86E02-3E72-4B56-9963-9A701215A383}.Debug|Any CPU.ActiveCfg = Debug|Any CPU
		{D6E86E02-3E72-4B56-9963-9A701215A383}.Debug|Any CPU.Build.0 = Debug|Any CPU
		{D6E86E02-3E72-4B56-9963-9A701215A383}.Release|Any CPU.ActiveCfg = Release|Any CPU
		{D6E86E02-3E72-4B56-9963-9A701215A383}.Release|Any CPU.Build.0 = Release|Any CPU
		{FC23A24C-69A9-4825-923E-605D665C9F7B}.Debug|Any CPU.ActiveCfg = Debug|Any CPU
		{FC23A24C-69A9-4825-923E-605D665C9F7B}.Debug|Any CPU.Build.0 = Debug|Any CPU
		{FC23A24C-69A9-4825-923E-605D665C9F7B}.Release|Any CPU.ActiveCfg = Release|Any CPU
		{FC23A24C-69A9-4825-923E-605D665C9F7B}.Release|Any CPU.Build.0 = Release|Any CPU
		{69FBC413-8931-4283-9420-954A6B7B1140}.Debug|Any CPU.ActiveCfg = Debug|Any CPU
		{69FBC413-8931-4283-9420-954A6B7B1140}.Debug|Any CPU.Build.0 = Debug|Any CPU
		{69FBC413-8931-4283-9420-954A6B7B1140}.Release|Any CPU.ActiveCfg = Release|Any CPU
		{69FBC413-8931-4283-9420-954A6B7B1140}.Release|Any CPU.Build.0 = Release|Any CPU
	EndGlobalSection
	GlobalSection(SolutionProperties) = preSolution
		HideSolutionNode = FALSE
	EndGlobalSection
	GlobalSection(ExtensibilityGlobals) = postSolution
		SolutionGuid = {43F1A0EB-0545-4863-B7D9-4777A1DE6FC7}
	EndGlobalSection
EndGlobal
